
Microsoft Visual Studio Solution File, Format Version 12.00
# Visual Studio Version 16
VisualStudioVersion = 16.0.30907.101
MinimumVisualStudioVersion = 10.0.40219.1
Project("{9A19103F-16F7-4668-BE54-9A1E7A4F7556}") = "Unitor", "Unitor.csproj", "{146F1FB2-039E-4BDD-BED0-477858752789}"
EndProject
Global
	GlobalSection(SolutionConfigurationPlatforms) = preSolution
		Debug|Any CPU = Debug|Any CPU
		Release|Any CPU = Release|Any CPU
	EndGlobalSection
	GlobalSection(ProjectConfigurationPlatforms) = postSolution
		{146F1FB2-039E-4BDD-BED0-477858752789}.Debug|Any CPU.ActiveCfg = Debug|Any CPU
		{146F1FB2-039E-4BDD-BED0-477858752789}.Debug|Any CPU.Build.0 = Debug|Any CPU
		{146F1FB2-039E-4BDD-BED0-477858752789}.Release|Any CPU.ActiveCfg = Release|Any CPU
		{146F1FB2-039E-4BDD-BED0-477858752789}.Release|Any CPU.Build.0 = Release|Any CPU
	EndGlobalSection
	GlobalSection(SolutionProperties) = preSolution
		HideSolutionNode = FALSE
	EndGlobalSection
	GlobalSection(ExtensibilityGlobals) = postSolution
		SolutionGuid = {202B9EA3-8515-4CE3-B0D6-A8C5D67ED5BD}
	EndGlobalSection
EndGlobal
