
Microsoft Visual Studio Solution File, Format Version 12.00
# Visual Studio Version 16
VisualStudioVersion = 16.0.30907.101
MinimumVisualStudioVersion = 10.0.40219.1
Project("{FAE04EC0-301F-11D3-BF4B-00C04F79EFBC}") = "Unitor.GUI", "Unitor.GUI\Unitor.GUI.csproj", "{FF1E09AB-2D60-4A87-A223-09128BED72D1}"
EndProject
Project("{FAE04EC0-301F-11D3-BF4B-00C04F79EFBC}") = "Unitor.Core", "Unitor.Core\Unitor.Core.csproj", "{3FF1C704-403A-4029-A31F-174E0F6721FF}"
EndProject
Global
	GlobalSection(SolutionConfigurationPlatforms) = preSolution
		Debug|Any CPU = Debug|Any CPU
		Release|Any CPU = Release|Any CPU
	EndGlobalSection
	GlobalSection(ProjectConfigurationPlatforms) = postSolution
		{FF1E09AB-2D60-4A87-A223-09128BED72D1}.Debug|Any CPU.ActiveCfg = Debug|Any CPU
		{FF1E09AB-2D60-4A87-A223-09128BED72D1}.Debug|Any CPU.Build.0 = Debug|Any CPU
		{FF1E09AB-2D60-4A87-A223-09128BED72D1}.Release|Any CPU.ActiveCfg = Release|Any CPU
		{FF1E09AB-2D60-4A87-A223-09128BED72D1}.Release|Any CPU.Build.0 = Release|Any CPU
		{3FF1C704-403A-4029-A31F-174E0F6721FF}.Debug|Any CPU.ActiveCfg = Debug|Any CPU
		{3FF1C704-403A-4029-A31F-174E0F6721FF}.Debug|Any CPU.Build.0 = Debug|Any CPU
		{3FF1C704-403A-4029-A31F-174E0F6721FF}.Release|Any CPU.ActiveCfg = Release|Any CPU
		{3FF1C704-403A-4029-A31F-174E0F6721FF}.Release|Any CPU.Build.0 = Release|Any CPU
	EndGlobalSection
	GlobalSection(SolutionProperties) = preSolution
		HideSolutionNode = FALSE
	EndGlobalSection
	GlobalSection(ExtensibilityGlobals) = postSolution
		SolutionGuid = {202B9EA3-8515-4CE3-B0D6-A8C5D67ED5BD}
	EndGlobalSection
EndGlobal
